Microsoft Visual Studio Solution File, Format Version 12.00
# Visual Studio Version 17
VisualStudioVersion = 17.5.2.0
MinimumVisualStudioVersion = 10.0.40219.1
Project("{2150E333-8FDC-42A3-9474-1A3956D46DE8}") = "src", "src", "{827E0CD3-B72D-47B6-A68D-7590B98EB39B}"
EndProject
Project("{FAE04EC0-301F-11D3-BF4B-00C04F79EFBC}") = "user-data-api", "src\user-data-api\user-data-api.csproj", "{7850FE2D-CAC6-AD39-5C85-30ECD5CB45FD}"
EndProject
Project("{FAE04EC0-301F-11D3-BF4B-00C04F79EFBC}") = "AspireApp.AppHost", "AspireApp\AspireApp.AppHost\AspireApp.AppHost.csproj", "{2578E532-5515-463C-B58E-DE3AAD680D37}"
EndProject
Project("{FAE04EC0-301F-11D3-BF4B-00C04F79EFBC}") = "AspireApp.ServiceDefaults", "AspireApp\AspireApp.ServiceDefaults\AspireApp.ServiceDefaults.csproj", "{CEF74E1D-AEBF-CDE1-7C5A-CCC40CBE62E4}"
EndProject
Project("{FAE04EC0-301F-11D3-BF4B-00C04F79EFBC}") = "AspireApp.ApiService", "AspireApp\AspireApp.ApiService\AspireApp.ApiService.csproj", "{E46BA07F-94A0-58A4-7707-AA04C01D04D0}"
EndProject
Project("{FAE04EC0-301F-11D3-BF4B-00C04F79EFBC}") = "AspireApp.Web", "AspireApp\AspireApp.Web\AspireApp.Web.csproj", "{E0672E7E-0DF5-284C-0197-026648704C8B}"
EndProject
Global
	GlobalSection(SolutionConfigurationPlatforms) = preSolution
		Debug|Any CPU = Debug|Any CPU
		Release|Any CPU = Release|Any CPU
	EndGlobalSection
	GlobalSection(ProjectConfigurationPlatforms) = postSolution
		{7850FE2D-CAC6-AD39-5C85-30ECD5CB45FD}.Debug|Any CPU.ActiveCfg = Debug|Any CPU
		{7850FE2D-CAC6-AD39-5C85-30ECD5CB45FD}.Debug|Any CPU.Build.0 = Debug|Any CPU
		{7850FE2D-CAC6-AD39-5C85-30ECD5CB45FD}.Release|Any CPU.ActiveCfg = Release|Any CPU
		{7850FE2D-CAC6-AD39-5C85-30ECD5CB45FD}.Release|Any CPU.Build.0 = Release|Any CPU
		{2578E532-5515-463C-B58E-DE3AAD680D37}.Debug|Any CPU.ActiveCfg = Debug|Any CPU
		{2578E532-5515-463C-B58E-DE3AAD680D37}.Debug|Any CPU.Build.0 = Debug|Any CPU
		{2578E532-5515-463C-B58E-DE3AAD680D37}.Release|Any CPU.ActiveCfg = Release|Any CPU
		{2578E532-5515-463C-B58E-DE3AAD680D37}.Release|Any CPU.Build.0 = Release|Any CPU
		{CEF74E1D-AEBF-CDE1-7C5A-CCC40CBE62E4}.Debug|Any CPU.ActiveCfg = Debug|Any CPU
		{CEF74E1D-AEBF-CDE1-7C5A-CCC40CBE62E4}.Debug|Any CPU.Build.0 = Debug|Any CPU
		{CEF74E1D-AEBF-CDE1-7C5A-CCC40CBE62E4}.Release|Any CPU.ActiveCfg = Release|Any CPU
		{CEF74E1D-AEBF-CDE1-7C5A-CCC40CBE62E4}.Release|Any CPU.Build.0 = Release|Any CPU
		{E46BA07F-94A0-58A4-7707-AA04C01D04D0}.Debug|Any CPU.ActiveCfg = Debug|Any CPU
		{E46BA07F-94A0-58A4-7707-AA04C01D04D0}.Debug|Any CPU.Build.0 = Debug|Any CPU
		{E46BA07F-94A0-58A4-7707-AA04C01D04D0}.Release|Any CPU.ActiveCfg = Release|Any CPU
		{E46BA07F-94A0-58A4-7707-AA04C01D04D0}.Release|Any CPU.Build.0 = Release|Any CPU
		{E0672E7E-0DF5-284C-0197-026648704C8B}.Debug|Any CPU.ActiveCfg = Debug|Any CPU
		{E0672E7E-0DF5-284C-0197-026648704C8B}.Debug|Any CPU.Build.0 = Debug|Any CPU
		{E0672E7E-0DF5-284C-0197-026648704C8B}.Release|Any CPU.ActiveCfg = Release|Any CPU
		{E0672E7E-0DF5-284C-0197-026648704C8B}.Release|Any CPU.Build.0 = Release|Any CPU
	EndGlobalSection
	GlobalSection(SolutionProperties) = preSolution
		HideSolutionNode = FALSE
	EndGlobalSection
	GlobalSection(NestedProjects) = preSolution
		{7850FE2D-CAC6-AD39-5C85-30ECD5CB45FD} = {827E0CD3-B72D-47B6-A68D-7590B98EB39B}
		{2578E532-5515-463C-B58E-DE3AAD680D37} = {827E0CD3-B72D-47B6-A68D-7590B98EB39B}
		{CEF74E1D-AEBF-CDE1-7C5A-CCC40CBE62E4} = {827E0CD3-B72D-47B6-A68D-7590B98EB39B}
		{E46BA07F-94A0-58A4-7707-AA04C01D04D0} = {827E0CD3-B72D-47B6-A68D-7590B98EB39B}
		{E0672E7E-0DF5-284C-0197-026648704C8B} = {827E0CD3-B72D-47B6-A68D-7590B98EB39B}
	EndGlobalSection
	GlobalSection(ExtensibilityGlobals) = postSolution
		SolutionGuid = {039284C5-9CFD-4169-B1DB-E68064F2B5E9}
	EndGlobalSection
EndGlobal
